
Microsoft Visual Studio Solution File, Format Version 12.00
# Visual Studio Version 17
VisualStudioVersion = 17.7.34024.191
MinimumVisualStudioVersion = 10.0.40219.1
Project("{9A19103F-16F7-4668-BE54-9A1E7A4F7556}") = "KW Sales UI", "KW Sales UI\KW Sales UI.csproj", "{B2D245E4-7DC6-424D-8B4B-38AB040A4975}"
EndProject
Project("{9A19103F-16F7-4668-BE54-9A1E7A4F7556}") = "DataAccessLibrary", "DataAccessLibrary\DataAccessLibrary.csproj", "{FD396CCC-DD0E-4234-B142-48536E35D2F1}"
EndProject
Global
	GlobalSection(SolutionConfigurationPlatforms) = preSolution
		Debug|Any CPU = Debug|Any CPU
		Release|Any CPU = Release|Any CPU
	EndGlobalSection
	GlobalSection(ProjectConfigurationPlatforms) = postSolution
		{B2D245E4-7DC6-424D-8B4B-38AB040A4975}.Debug|Any CPU.ActiveCfg = Debug|Any CPU
		{B2D245E4-7DC6-424D-8B4B-38AB040A4975}.Debug|Any CPU.Build.0 = Debug|Any CPU
		{B2D245E4-7DC6-424D-8B4B-38AB040A4975}.Release|Any CPU.ActiveCfg = Release|Any CPU
		{B2D245E4-7DC6-424D-8B4B-38AB040A4975}.Release|Any CPU.Build.0 = Release|Any CPU
		{FD396CCC-DD0E-4234-B142-48536E35D2F1}.Debug|Any CPU.ActiveCfg = Debug|Any CPU
		{FD396CCC-DD0E-4234-B142-48536E35D2F1}.Debug|Any CPU.Build.0 = Debug|Any CPU
		{FD396CCC-DD0E-4234-B142-48536E35D2F1}.Release|Any CPU.ActiveCfg = Release|Any CPU
		{FD396CCC-DD0E-4234-B142-48536E35D2F1}.Release|Any CPU.Build.0 = Release|Any CPU
	EndGlobalSection
	GlobalSection(SolutionProperties) = preSolution
		HideSolutionNode = FALSE
	EndGlobalSection
	GlobalSection(ExtensibilityGlobals) = postSolution
		SolutionGuid = {2ABAB162-7C79-424F-914C-4252468D149E}
	EndGlobalSection
EndGlobal
